
Microsoft Visual Studio Solution File, Format Version 12.00
# Visual Studio Version 16
VisualStudioVersion = 16.0.30621.155
MinimumVisualStudioVersion = 10.0.40219.1
Project("{FAE04EC0-301F-11D3-BF4B-00C04F79EFBC}") = "pim_2020", "pim_2020\pim_2020.csproj", "{B05F9EFE-B636-43A3-B32A-EDE0FF9BC194}"
EndProject
Global
	GlobalSection(SolutionConfigurationPlatforms) = preSolution
		Debug|Any CPU = Debug|Any CPU
		Release|Any CPU = Release|Any CPU
	EndGlobalSection
	GlobalSection(ProjectConfigurationPlatforms) = postSolution
		{B05F9EFE-B636-43A3-B32A-EDE0FF9BC194}.Debug|Any CPU.ActiveCfg = Debug|Any CPU
		{B05F9EFE-B636-43A3-B32A-EDE0FF9BC194}.Debug|Any CPU.Build.0 = Debug|Any CPU
		{B05F9EFE-B636-43A3-B32A-EDE0FF9BC194}.Release|Any CPU.ActiveCfg = Release|Any CPU
		{B05F9EFE-B636-43A3-B32A-EDE0FF9BC194}.Release|Any CPU.Build.0 = Release|Any CPU
	EndGlobalSection
	GlobalSection(SolutionProperties) = preSolution
		HideSolutionNode = FALSE
	EndGlobalSection
	GlobalSection(ExtensibilityGlobals) = postSolution
		SolutionGuid = {39327614-EDFB-4F00-8D32-D7A08DBC12AC}
	EndGlobalSection
EndGlobal
